
Microsoft Visual Studio Solution File, Format Version 12.00
# Visual Studio Version 17
VisualStudioVersion = 17.4.33213.308
MinimumVisualStudioVersion = 10.0.40219.1
Project("{FAE04EC0-301F-11D3-BF4B-00C04F79EFBC}") = "GroceriesWebApp", "GroceriesWebApp.csproj", "{4A3AE0A5-A643-449D-B92F-837BA84D5F5A}"
EndProject
Global
	GlobalSection(SolutionConfigurationPlatforms) = preSolution
		Debug|Any CPU = Debug|Any CPU
		Release|Any CPU = Release|Any CPU
	EndGlobalSection
	GlobalSection(ProjectConfigurationPlatforms) = postSolution
		{4A3AE0A5-A643-449D-B92F-837BA84D5F5A}.Debug|Any CPU.ActiveCfg = Debug|Any CPU
		{4A3AE0A5-A643-449D-B92F-837BA84D5F5A}.Debug|Any CPU.Build.0 = Debug|Any CPU
		{4A3AE0A5-A643-449D-B92F-837BA84D5F5A}.Release|Any CPU.ActiveCfg = Release|Any CPU
		{4A3AE0A5-A643-449D-B92F-837BA84D5F5A}.Release|Any CPU.Build.0 = Release|Any CPU
	EndGlobalSection
	GlobalSection(SolutionProperties) = preSolution
		HideSolutionNode = FALSE
	EndGlobalSection
	GlobalSection(ExtensibilityGlobals) = postSolution
		SolutionGuid = {FE51DAC9-7879-41AA-AC54-B5602720EE82}
	EndGlobalSection
EndGlobal
